// !$*UTF8*$!
{
	archiveVersion = 1;
	classes = {
	};
	objectVersion = 46;
	objects = {

/* Begin PBXBuildFile section */
		BF048CBC1E3CE4AC00682763 /* AppDelegate.swift in Sources */ = {isa = PBXBuildFile; fileRef = BF048CBB1E3CE4AC00682763 /* AppDelegate.swift */; };
		BF048CBE1E3CE4AC00682763 /* ViewController.swift in Sources */ = {isa = PBXBuildFile; fileRef = BF048CBD1E3CE4AC00682763 /* ViewController.swift */; };
		BF048CC11E3CE4AC00682763 /* Main.storyboard in Resources */ = {isa = PBXBuildFile; fileRef = BF048CBF1E3CE4AC00682763 /* Main.storyboard */; };
		BF048CC31E3CE4AC00682763 /* Assets.xcassets in Resources */ = {isa = PBXBuildFile; fileRef = BF048CC21E3CE4AC00682763 /* Assets.xcassets */; };
		BF048CC61E3CE4AC00682763 /* LaunchScreen.storyboard in Resources */ = {isa = PBXBuildFile; fileRef = BF048CC41E3CE4AC00682763 /* LaunchScreen.storyboard */; };
		BF048CCF1E3CE52900682763 /* SongCell.swift in Sources */ = {isa = PBXBuildFile; fileRef = BF048CCD1E3CE52900682763 /* SongCell.swift */; };
		BF048CD01E3CE52900682763 /* SongCell.xib in Resources */ = {isa = PBXBuildFile; fileRef = BF048CCE1E3CE52900682763 /* SongCell.xib */; };
		BF048CD21E3CE74B00682763 /* DataSource.swift in Sources */ = {isa = PBXBuildFile; fileRef = BF048CD11E3CE74B00682763 /* DataSource.swift */; };
		BF048CD41E3CE7A700682763 /* Song.swift in Sources */ = {isa = PBXBuildFile; fileRef = BF048CD31E3CE7A700682763 /* Song.swift */; };
		BF048CD61E3CEBB300682763 /* UIView.swift in Sources */ = {isa = PBXBuildFile; fileRef = BF048CD51E3CEBB300682763 /* UIView.swift */; };
		BF048CD81E3CEC5800682763 /* UIImageView.swift in Sources */ = {isa = PBXBuildFile; fileRef = BF048CD71E3CEC5800682763 /* UIImageView.swift */; };
		BF3BD83B1E3E27AC00D117AD /* CustomImageView.swift in Sources */ = {isa = PBXBuildFile; fileRef = BF3BD83A1E3E27AC00D117AD /* CustomImageView.swift */; };
/* End PBXBuildFile section */

/* Begin PBXFileReference section */
		BF048CB81E3CE4AC00682763 /* AnotherTopItunes.app */ = {isa = PBXFileReference; explicitFileType = wrapper.application; includeInIndex = 0; path = AnotherTopItunes.app; sourceTree = BUILT_PRODUCTS_DIR; };
		BF048CBB1E3CE4AC00682763 /* AppDelegate.swift */ = {isa = PBXFileReference; lastKnownFileType = sourcecode.swift; path = AppDelegate.swift; sourceTree = "<group>"; };
		BF048CBD1E3CE4AC00682763 /* ViewController.swift */ = {isa = PBXFileReference; lastKnownFileType = sourcecode.swift; path = ViewController.swift; sourceTree = "<group>"; };
		BF048CC01E3CE4AC00682763 /* Base */ = {isa = PBXFileReference; lastKnownFileType = file.storyboard; name = Base; path = Base.lproj/Main.storyboard; sourceTree = "<group>"; };
		BF048CC21E3CE4AC00682763 /* Assets.xcassets */ = {isa = PBXFileReference; lastKnownFileType = folder.assetcatalog; path = Assets.xcassets; sourceTree = "<group>"; };
		BF048CC51E3CE4AC00682763 /* Base */ = {isa = PBXFileReference; lastKnownFileType = file.storyboard; name = Base; path = Base.lproj/LaunchScreen.storyboard; sourceTree = "<group>"; };
		BF048CC71E3CE4AC00682763 /* Info.plist */ = {isa = PBXFileReference; lastKnownFileType = text.plist.xml; path = Info.plist; sourceTree = "<group>"; };
		BF048CCD1E3CE52900682763 /* SongCell.swift */ = {isa = PBXFileReference; fileEncoding = 4; lastKnownFileType = sourcecode.swift; path = SongCell.swift; sourceTree = "<group>"; };
		BF048CCE1E3CE52900682763 /* SongCell.xib */ = {isa = PBXFileReference; fileEncoding = 4; lastKnownFileType = file.xib; path = SongCell.xib; sourceTree = "<group>"; };
		BF048CD11E3CE74B00682763 /* DataSource.swift */ = {isa = PBXFileReference; fileEncoding = 4; lastKnownFileType = sourcecode.swift; path = DataSource.swift; sourceTree = "<group>"; };
		BF048CD31E3CE7A700682763 /* Song.swift */ = {isa = PBXFileReference; fileEncoding = 4; lastKnownFileType = sourcecode.swift; path = Song.swift; sourceTree = "<group>"; };
		BF048CD51E3CEBB300682763 /* UIView.swift */ = {isa = PBXFileReference; fileEncoding = 4; lastKnownFileType = sourcecode.swift; path = UIView.swift; sourceTree = "<group>"; };
		BF048CD71E3CEC5800682763 /* UIImageView.swift */ = {isa = PBXFileReference; fileEncoding = 4; lastKnownFileType = sourcecode.swift; path = UIImageView.swift; sourceTree = "<group>"; };
		BF3BD83A1E3E27AC00D117AD /* CustomImageView.swift */ = {isa = PBXFileReference; fileEncoding = 4; lastKnownFileType = sourcecode.swift; path = CustomImageView.swift; sourceTree = "<group>"; };
/* End PBXFileReference section */

/* Begin PBXFrameworksBuildPhase section */
		BF048CB51E3CE4AB00682763 /* Frameworks */ = {
			isa = PBXFrameworksBuildPhase;
			buildActionMask = 2147483647;
			files = (
			);
			runOnlyForDeploymentPostprocessing = 0;
		};
/* End PBXFrameworksBuildPhase section */

/* Begin PBXGroup section */
		BF048CAF1E3CE4AB00682763 = {
			isa = PBXGroup;
			children = (
				BF048CBA1E3CE4AC00682763 /* AnotherTopItunes */,
				BF048CB91E3CE4AC00682763 /* Products */,
			);
			sourceTree = "<group>";
		};
		BF048CB91E3CE4AC00682763 /* Products */ = {
			isa = PBXGroup;
			children = (
				BF048CB81E3CE4AC00682763 /* AnotherTopItunes.app */,
			);
			name = Products;
			sourceTree = "<group>";
		};
		BF048CBA1E3CE4AC00682763 /* AnotherTopItunes */ = {
			isa = PBXGroup;
			children = (
				BF048CBF1E3CE4AC00682763 /* Main.storyboard */,
				BF048CDB1E3CF1AB00682763 /* Controller+DataSource */,
				BF048CDD1E3CF1D900682763 /* View */,
				BF048CDA1E3CF19C00682763 /* Entity */,
				BF048CD91E3CF19100682763 /* CoreGraphic */,
				BF048CDC1E3CF1C900682763 /* Supporting Files */,
				BF3BD83A1E3E27AC00D117AD /* CustomImageView.swift */,
			);
			path = AnotherTopItunes;
			sourceTree = "<group>";
		};
		BF048CD91E3CF19100682763 /* CoreGraphic */ = {
			isa = PBXGroup;
			children = (
				BF048CD51E3CEBB300682763 /* UIView.swift */,
				BF048CD71E3CEC5800682763 /* UIImageView.swift */,
			);
			name = CoreGraphic;
			sourceTree = "<group>";
		};
		BF048CDA1E3CF19C00682763 /* Entity */ = {
			isa = PBXGroup;
			children = (
				BF048CD31E3CE7A700682763 /* Song.swift */,
			);
			name = Entity;
			sourceTree = "<group>";
		};
		BF048CDB1E3CF1AB00682763 /* Controller+DataSource */ = {
			isa = PBXGroup;
			children = (
				BF048CBD1E3CE4AC00682763 /* ViewController.swift */,
				BF048CD11E3CE74B00682763 /* DataSource.swift */,
			);
			name = "Controller+DataSource";
			sourceTree = "<group>";
		};
		BF048CDC1E3CF1C900682763 /* Supporting Files */ = {
			isa = PBXGroup;
			children = (
				BF048CBB1E3CE4AC00682763 /* AppDelegate.swift */,
				BF048CC21E3CE4AC00682763 /* Assets.xcassets */,
				BF048CC41E3CE4AC00682763 /* LaunchScreen.storyboard */,
				BF048CC71E3CE4AC00682763 /* Info.plist */,
			);
			name = "Supporting Files";
			sourceTree = "<group>";
		};
		BF048CDD1E3CF1D900682763 /* View */ = {
			isa = PBXGroup;
			children = (
				BF048CCD1E3CE52900682763 /* SongCell.swift */,
				BF048CCE1E3CE52900682763 /* SongCell.xib */,
			);
			name = View;
			sourceTree = "<group>";
		};
/* End PBXGroup section */

/* Begin PBXNativeTarget section */
		BF048CB71E3CE4AB00682763 /* AnotherTopItunes */ = {
			isa = PBXNativeTarget;
			buildConfigurationList = BF048CCA1E3CE4AC00682763 /* Build configuration list for PBXNativeTarget "AnotherTopItunes" */;
			buildPhases = (
				BF048CB41E3CE4AB00682763 /* Sources */,
				BF048CB51E3CE4AB00682763 /* Frameworks */,
				BF048CB61E3CE4AB00682763 /* Resources */,
			);
			buildRules = (
			);
			dependencies = (
			);
			name = AnotherTopItunes;
			productName = AnotherTopItunes;
			productReference = BF048CB81E3CE4AC00682763 /* AnotherTopItunes.app */;
			productType = "com.apple.product-type.application";
		};
/* End PBXNativeTarget section */

/* Begin PBXProject section */
		BF048CB01E3CE4AB00682763 /* Project object */ = {
			isa = PBXProject;
			attributes = {
				LastSwiftUpdateCheck = 0820;
				LastUpgradeCheck = 0820;
				ORGANIZATIONNAME = "Jimmy Hoang";
				TargetAttributes = {
					BF048CB71E3CE4AB00682763 = {
						CreatedOnToolsVersion = 8.2.1;
						DevelopmentTeam = GDY7XCAX4D;
						ProvisioningStyle = Automatic;
					};
				};
			};
			buildConfigurationList = BF048CB31E3CE4AB00682763 /* Build configuration list for PBXProject "AnotherTopItunes" */;
			compatibilityVersion = "Xcode 3.2";
			developmentRegion = English;
			hasScannedForEncodings = 0;
			knownRegions = (
				en,
				Base,
			);
			mainGroup = BF048CAF1E3CE4AB00682763;
			productRefGroup = BF048CB91E3CE4AC00682763 /* Products */;
			projectDirPath = "";
			projectRoot = "";
			targets = (
				BF048CB71E3CE4AB00682763 /* AnotherTopItunes */,
			);
		};
/* End PBXProject section */

/* Begin PBXResourcesBuildPhase section */
		BF048CB61E3CE4AB00682763 /* Resources */ = {
			isa = PBXResourcesBuildPhase;
			buildActionMask = 2147483647;
			files = (
				BF048CD01E3CE52900682763 /* SongCell.xib in Resources */,
				BF048CC61E3CE4AC00682763 /* LaunchScreen.storyboard in Resources */,
				BF048CC31E3CE4AC00682763 /* Assets.xcassets in Resources */,
				BF048CC11E3CE4AC00682763 /* Main.storyboard in Resources */,
			);
			runOnlyForDeploymentPostprocessing = 0;
		};
/* End PBXResourcesBuildPhase section */

/* Begin PBXSourcesBuildPhase section */
		BF048CB41E3CE4AB00682763 /* Sources */ = {
			isa = PBXSourcesBuildPhase;
			buildActionMask = 2147483647;
			files = (
				BF048CBE1E3CE4AC00682763 /* ViewController.swift in Sources */,
				BF3BD83B1E3E27AC00D117AD /* CustomImageView.swift in Sources */,
				BF048CCF1E3CE52900682763 /* SongCell.swift in Sources */,
				BF048CD81E3CEC5800682763 /* UIImageView.swift in Sources */,
				BF048CD21E3CE74B00682763 /* DataSource.swift in Sources */,
				BF048CBC1E3CE4AC00682763 /* AppDelegate.swift in Sources */,
				BF048CD61E3CEBB300682763 /* UIView.swift in Sources */,
				BF048CD41E3CE7A700682763 /* Song.swift in Sources */,
			);
			runOnlyForDeploymentPostprocessing = 0;
		};
/* End PBXSourcesBuildPhase section */

/* Begin PBXVariantGroup section */
		BF048CBF1E3CE4AC00682763 /* Main.storyboard */ = {
			isa = PBXVariantGroup;
			children = (
				BF048CC01E3CE4AC00682763 /* Base */,
			);
			name = Main.storyboard;
			sourceTree = "<group>";
		};
		BF048CC41E3CE4AC00682763 /* LaunchScreen.storyboard */ = {
			isa = PBXVariantGroup;
			children = (
				BF048CC51E3CE4AC00682763 /* Base */,
			);
			name = LaunchScreen.storyboard;
			sourceTree = "<group>";
		};
/* End PBXVariantGroup section */

/* Begin XCBuildConfiguration section */
		BF048CC81E3CE4AC00682763 /* Debug */ = {
			isa = XCBuildConfiguration;
			buildSettings = {
				ALWAYS_SEARCH_USER_PATHS = NO;
				CLANG_ANALYZER_NONNULL = YES;
				CLANG_CXX_LANGUAGE_STANDARD = "gnu++0x";
				CLANG_CXX_LIBRARY = "libc++";
				CLANG_ENABLE_MODULES = YES;
				CLANG_ENABLE_OBJC_ARC = YES;
				CLANG_WARN_BOOL_CONVERSION = YES;
				CLANG_WARN_CONSTANT_CONVERSION = YES;
				CLANG_WARN_DIRECT_OBJC_ISA_USAGE = YES_ERROR;
				CLANG_WARN_DOCUMENTATION_COMMENTS = YES;
				CLANG_WARN_EMPTY_BODY = YES;
				CLANG_WARN_ENUM_CONVERSION = YES;
				CLANG_WARN_INFINITE_RECURSION = YES;
				CLANG_WARN_INT_CONVERSION = YES;
				CLANG_WARN_OBJC_ROOT_CLASS = YES_ERROR;
				CLANG_WARN_SUSPICIOUS_MOVE = YES;
				CLANG_WARN_UNREACHABLE_CODE = YES;
				CLANG_WARN__DUPLICATE_METHOD_MATCH = YES;
				"CODE_SIGN_IDENTITY[sdk=iphoneos*]" = "iPhone Developer";
				COPY_PHASE_STRIP = NO;
				DEBUG_INFORMATION_FORMAT = dwarf;
				ENABLE_STRICT_OBJC_MSGSEND = YES;
				ENABLE_TESTABILITY = YES;
				GCC_C_LANGUAGE_STANDARD = gnu99;
				GCC_DYNAMIC_NO_PIC = NO;
				GCC_NO_COMMON_BLOCKS = YES;
				GCC_OPTIMIZATION_LEVEL = 0;
				GCC_PREPROCESSOR_DEFINITIONS = (
					"DEBUG=1",
					"$(inherited)",
				);
				GCC_WARN_64_TO_32_BIT_CONVERSION = YES;
				GCC_WARN_ABOUT_RETURN_TYPE = YES_ERROR;
				GCC_WARN_UNDECLARED_SELECTOR = YES;
				GCC_WARN_UNINITIALIZED_AUTOS = YES_AGGRESSIVE;
				GCC_WARN_UNUSED_FUNCTION = YES;
				GCC_WARN_UNUSED_VARIABLE = YES;
				IPHONEOS_DEPLOYMENT_TARGET = 10.2;
				MTL_ENABLE_DEBUG_INFO = YES;
				ONLY_ACTIVE_ARCH = YES;
				SDKROOT = iphoneos;
				SWIFT_ACTIVE_COMPILATION_CONDITIONS = DEBUG;
				SWIFT_OPTIMIZATION_LEVEL = "-Onone";
				TARGETED_DEVICE_FAMILY = "1,2";
			};
			name = Debug;
		};
		BF048CC91E3CE4AC00682763 /* Release */ = {
			isa = XCBuildConfiguration;
			buildSettings = {
				ALWAYS_SEARCH_USER_PATHS = NO;
				CLANG_ANALYZER_NONNULL = YES;
				CLANG_CXX_LANGUAGE_STANDARD = "gnu++0x";
				CLANG_CXX_LIBRARY = "libc++";
				CLANG_ENABLE_MODULES = YES;
				CLANG_ENABLE_OBJC_ARC = YES;
				CLANG_WARN_BOOL_CONVERSION = YES;
				CLANG_WARN_CONSTANT_CONVERSION = YES;
				CLANG_WARN_DIRECT_OBJC_ISA_USAGE = YES_ERROR;
				CLANG_WARN_DOCUMENTATION_COMMENTS = YES;
				CLANG_WARN_EMPTY_BODY = YES;
				CLANG_WARN_ENUM_CONVERSION = YES;
				CLANG_WARN_INFINITE_RECURSION = YES;
				CLANG_WARN_INT_CONVERSION = YES;
				CLANG_WARN_OBJC_ROOT_CLASS = YES_ERROR;
				CLANG_WARN_SUSPICIOUS_MOVE = YES;
				CLANG_WARN_UNREACHABLE_CODE = YES;
				CLANG_WARN__DUPLICATE_METHOD_MATCH = YES;
				"CODE_SIGN_IDENTITY[sdk=iphoneos*]" = "iPhone Developer";
				COPY_PHASE_STRIP = NO;
				DEBUG_INFORMATION_FORMAT = "dwarf-with-dsym";
				ENABLE_NS_ASSERTIONS = NO;
				ENABLE_STRICT_OBJC_MSGSEND = YES;
				GCC_C_LANGUAGE_STANDARD = gnu99;
				GCC_NO_COMMON_BLOCKS = YES;
				GCC_WARN_64_TO_32_BIT_CONVERSION = YES;
				GCC_WARN_ABOUT_RETURN_TYPE = YES_ERROR;
				GCC_WARN_UNDECLARED_SELECTOR = YES;
				GCC_WARN_UNINITIALIZED_AUTOS = YES_AGGRESSIVE;
				GCC_WARN_UNUSED_FUNCTION = YES;
				GCC_WARN_UNUSED_VARIABLE = YES;
				IPHONEOS_DEPLOYMENT_TARGET = 10.2;
				MTL_ENABLE_DEBUG_INFO = NO;
				SDKROOT = iphoneos;
				SWIFT_OPTIMIZATION_LEVEL = "-Owholemodule";
				TARGETED_DEVICE_FAMILY = "1,2";
				VALIDATE_PRODUCT = YES;
			};
			name = Release;
		};
		BF048CCB1E3CE4AC00682763 /* Debug */ = {
			isa = XCBuildConfiguration;
			buildSettings = {
				ASSETCATALOG_COMPILER_APPICON_NAME = AppIcon;
				DEVELOPMENT_TEAM = GDY7XCAX4D;
				INFOPLIST_FILE = AnotherTopItunes/Info.plist;
				IPHONEOS_DEPLOYMENT_TARGET = 10.1;
				LD_RUNPATH_SEARCH_PATHS = "$(inherited) @executable_path/Frameworks";
				PRODUCT_BUNDLE_IDENTIFIER = jimmy.AnotherTopItunes;
				PRODUCT_NAME = "$(TARGET_NAME)";
				SWIFT_VERSION = 3.0;
			};
			name = Debug;
		};
		BF048CCC1E3CE4AC00682763 /* Release */ = {
			isa = XCBuildConfiguration;
			buildSettings = {
				ASSETCATALOG_COMPILER_APPICON_NAME = AppIcon;
				DEVELOPMENT_TEAM = GDY7XCAX4D;
				INFOPLIST_FILE = AnotherTopItunes/Info.plist;
				IPHONEOS_DEPLOYMENT_TARGET = 10.1;
				LD_RUNPATH_SEARCH_PATHS = "$(inherited) @executable_path/Frameworks";
				PRODUCT_BUNDLE_IDENTIFIER = jimmy.AnotherTopItunes;
				PRODUCT_NAME = "$(TARGET_NAME)";
				SWIFT_VERSION = 3.0;
			};
			name = Release;
		};
/* End XCBuildConfiguration section */

/* Begin XCConfigurationList section */
		BF048CB31E3CE4AB00682763 /* Build configuration list for PBXProject "AnotherTopItunes" */ = {
			isa = XCConfigurationList;
			buildConfigurations = (
				BF048CC81E3CE4AC00682763 /* Debug */,
				BF048CC91E3CE4AC00682763 /* Release */,
			);
			defaultConfigurationIsVisible = 0;
			defaultConfigurationName = Release;
		};
		BF048CCA1E3CE4AC00682763 /* Build configuration list for PBXNativeTarget "AnotherTopItunes" */ = {
			isa = XCConfigurationList;
			buildConfigurations = (
				BF048CCB1E3CE4AC00682763 /* Debug */,
				BF048CCC1E3CE4AC00682763 /* Release */,
			);
			defaultConfigurationIsVisible = 0;
			defaultConfigurationName = Release;
		};
/* End XCConfigurationList section */
	};
	rootObject = BF048CB01E3CE4AB00682763 /* Project object */;
}
